
Microsoft Visual Studio Solution File, Format Version 12.00
# Visual Studio Version 16
VisualStudioVersion = 16.0.28803.202
MinimumVisualStudioVersion = 10.0.40219.1
Project("{FAE04EC0-301F-11D3-BF4B-00C04F79EFBC}") = "Bussines", "Business\Bussines.csproj", "{D2349CD3-CA94-4B2A-9998-5AC93BACA1B9}"
EndProject
Project("{FAE04EC0-301F-11D3-BF4B-00C04F79EFBC}") = "Data", "Data\Data.csproj", "{B9B8B079-86F9-4F24-8B6C-B34C268F5617}"
EndProject
Project("{FAE04EC0-301F-11D3-BF4B-00C04F79EFBC}") = "GeneralService", "Service\GeneralService.csproj", "{E1684208-B14B-450D-B5AD-D3C2749415F4}"
EndProject
Project("{FAE04EC0-301F-11D3-BF4B-00C04F79EFBC}") = "ApiRestFull", "ApiRestFull\ApiRestFull.csproj", "{C0FCAB06-C1FC-43B1-8AD5-18A6366F460A}"
EndProject
Global
	GlobalSection(SolutionConfigurationPlatforms) = preSolution
		Debug|Any CPU = Debug|Any CPU
		Release|Any CPU = Release|Any CPU
	EndGlobalSection
	GlobalSection(ProjectConfigurationPlatforms) = postSolution
		{D2349CD3-CA94-4B2A-9998-5AC93BACA1B9}.Debug|Any CPU.ActiveCfg = Debug|Any CPU
		{D2349CD3-CA94-4B2A-9998-5AC93BACA1B9}.Debug|Any CPU.Build.0 = Debug|Any CPU
		{D2349CD3-CA94-4B2A-9998-5AC93BACA1B9}.Release|Any CPU.ActiveCfg = Release|Any CPU
		{D2349CD3-CA94-4B2A-9998-5AC93BACA1B9}.Release|Any CPU.Build.0 = Release|Any CPU
		{B9B8B079-86F9-4F24-8B6C-B34C268F5617}.Debug|Any CPU.ActiveCfg = Debug|Any CPU
		{B9B8B079-86F9-4F24-8B6C-B34C268F5617}.Debug|Any CPU.Build.0 = Debug|Any CPU
		{B9B8B079-86F9-4F24-8B6C-B34C268F5617}.Release|Any CPU.ActiveCfg = Release|Any CPU
		{B9B8B079-86F9-4F24-8B6C-B34C268F5617}.Release|Any CPU.Build.0 = Release|Any CPU
		{E1684208-B14B-450D-B5AD-D3C2749415F4}.Debug|Any CPU.ActiveCfg = Debug|Any CPU
		{E1684208-B14B-450D-B5AD-D3C2749415F4}.Debug|Any CPU.Build.0 = Debug|Any CPU
		{E1684208-B14B-450D-B5AD-D3C2749415F4}.Release|Any CPU.ActiveCfg = Release|Any CPU
		{E1684208-B14B-450D-B5AD-D3C2749415F4}.Release|Any CPU.Build.0 = Release|Any CPU
		{C0FCAB06-C1FC-43B1-8AD5-18A6366F460A}.Debug|Any CPU.ActiveCfg = Debug|Any CPU
		{C0FCAB06-C1FC-43B1-8AD5-18A6366F460A}.Debug|Any CPU.Build.0 = Debug|Any CPU
		{C0FCAB06-C1FC-43B1-8AD5-18A6366F460A}.Release|Any CPU.ActiveCfg = Release|Any CPU
		{C0FCAB06-C1FC-43B1-8AD5-18A6366F460A}.Release|Any CPU.Build.0 = Release|Any CPU
	EndGlobalSection
	GlobalSection(SolutionProperties) = preSolution
		HideSolutionNode = FALSE
	EndGlobalSection
	GlobalSection(ExtensibilityGlobals) = postSolution
		SolutionGuid = {FC79E4A6-5580-4992-B5CE-C023D2B7A01A}
	EndGlobalSection
EndGlobal
